
Microsoft Visual Studio Solution File, Format Version 12.00
# Visual Studio 15
VisualStudioVersion = 15.0.28307.539
MinimumVisualStudioVersion = 10.0.40219.1
Project("{FAE04EC0-301F-11D3-BF4B-00C04F79EFBC}") = "DistributedObject", "DistributedObject\DistributedObject.csproj", "{8C32AB00-1D9B-4217-8683-28CDD8F64AFF}"
EndProject
Global
	GlobalSection(SolutionConfigurationPlatforms) = preSolution
		Debug|Any CPU = Debug|Any CPU
		Release|Any CPU = Release|Any CPU
	EndGlobalSection
	GlobalSection(ProjectConfigurationPlatforms) = postSolution
		{8C32AB00-1D9B-4217-8683-28CDD8F64AFF}.Debug|Any CPU.ActiveCfg = Debug|Any CPU
		{8C32AB00-1D9B-4217-8683-28CDD8F64AFF}.Debug|Any CPU.Build.0 = Debug|Any CPU
		{8C32AB00-1D9B-4217-8683-28CDD8F64AFF}.Release|Any CPU.ActiveCfg = Release|Any CPU
		{8C32AB00-1D9B-4217-8683-28CDD8F64AFF}.Release|Any CPU.Build.0 = Release|Any CPU
	EndGlobalSection
	GlobalSection(SolutionProperties) = preSolution
		HideSolutionNode = FALSE
	EndGlobalSection
	GlobalSection(ExtensibilityGlobals) = postSolution
		SolutionGuid = {85D704EE-03AA-4B14-BB8B-C42191A51F70}
	EndGlobalSection
EndGlobal
